// !$*UTF8*$!
{
	archiveVersion = 1;
	classes = {
	};
	objectVersion = 46;
	objects = {

/* Begin PBXBuildFile section */
		FB39D9741D54FB36001AC5F0 /* Assignment.swift in Sources */ = {isa = PBXBuildFile; fileRef = FB39D9731D54FB36001AC5F0 /* Assignment.swift */; };
		FB39D9761D54FF37001AC5F0 /* SettingVariables.swift in Sources */ = {isa = PBXBuildFile; fileRef = FB39D9751D54FF37001AC5F0 /* SettingVariables.swift */; };
		FB57E0DF1D52724800FE49F4 /* UIView+.swift in Sources */ = {isa = PBXBuildFile; fileRef = FB57E0DE1D52724800FE49F4 /* UIView+.swift */; };
		FB71C86B1D38696A006B6A73 /* MainViewController.swift in Sources */ = {isa = PBXBuildFile; fileRef = FB71C86A1D38696A006B6A73 /* MainViewController.swift */; };
		FB71C86D1D3883A1006B6A73 /* Course.swift in Sources */ = {isa = PBXBuildFile; fileRef = FB71C86C1D3883A1006B6A73 /* Course.swift */; };
		FB8304411D50065A009EE338 /* DetailTableViewCell.swift in Sources */ = {isa = PBXBuildFile; fileRef = FB8304401D50065A009EE338 /* DetailTableViewCell.swift */; };
		FB8304471D513631009EE338 /* UIColor+.swift in Sources */ = {isa = PBXBuildFile; fileRef = FB8304461D513631009EE338 /* UIColor+.swift */; };
		FB9BBEEB1D3814650032AA83 /* AppDelegate.swift in Sources */ = {isa = PBXBuildFile; fileRef = FB9BBEEA1D3814650032AA83 /* AppDelegate.swift */; };
		FB9BBEF01D3814650032AA83 /* Main.storyboard in Resources */ = {isa = PBXBuildFile; fileRef = FB9BBEEE1D3814650032AA83 /* Main.storyboard */; };
		FB9BBEF21D3814650032AA83 /* Assets.xcassets in Resources */ = {isa = PBXBuildFile; fileRef = FB9BBEF11D3814650032AA83 /* Assets.xcassets */; };
		FB9BBEF51D3814650032AA83 /* LaunchScreen.storyboard in Resources */ = {isa = PBXBuildFile; fileRef = FB9BBEF31D3814650032AA83 /* LaunchScreen.storyboard */; };
		FB9BBF001D3814650032AA83 /* SchoolPlanerIOSTests.swift in Sources */ = {isa = PBXBuildFile; fileRef = FB9BBEFF1D3814650032AA83 /* SchoolPlanerIOSTests.swift */; };
		FB9BBF0B1D3814650032AA83 /* SchoolPlanerIOSUITests.swift in Sources */ = {isa = PBXBuildFile; fileRef = FB9BBF0A1D3814650032AA83 /* SchoolPlanerIOSUITests.swift */; };
		FB9BBF1B1D3815D30032AA83 /* CourseTableViewCell.swift in Sources */ = {isa = PBXBuildFile; fileRef = FB9BBF1A1D3815D30032AA83 /* CourseTableViewCell.swift */; };
/* End PBXBuildFile section */

/* Begin PBXContainerItemProxy section */
		FB9BBEFC1D3814650032AA83 /* PBXContainerItemProxy */ = {
			isa = PBXContainerItemProxy;
			containerPortal = FB9BBEDF1D3814640032AA83 /* Project object */;
			proxyType = 1;
			remoteGlobalIDString = FB9BBEE61D3814650032AA83;
			remoteInfo = SchoolPlanerIOS;
		};
		FB9BBF071D3814650032AA83 /* PBXContainerItemProxy */ = {
			isa = PBXContainerItemProxy;
			containerPortal = FB9BBEDF1D3814640032AA83 /* Project object */;
			proxyType = 1;
			remoteGlobalIDString = FB9BBEE61D3814650032AA83;
			remoteInfo = SchoolPlanerIOS;
		};
/* End PBXContainerItemProxy section */

/* Begin PBXFileReference section */
		FB39D9731D54FB36001AC5F0 /* Assignment.swift */ = {isa = PBXFileReference; fileEncoding = 4; lastKnownFileType = sourcecode.swift; path = Assignment.swift; sourceTree = "<group>"; };
		FB39D9751D54FF37001AC5F0 /* SettingVariables.swift */ = {isa = PBXFileReference; fileEncoding = 4; lastKnownFileType = sourcecode.swift; path = SettingVariables.swift; sourceTree = "<group>"; };
		FB57E0DE1D52724800FE49F4 /* UIView+.swift */ = {isa = PBXFileReference; fileEncoding = 4; lastKnownFileType = sourcecode.swift; path = "UIView+.swift"; sourceTree = "<group>"; };
		FB71C86A1D38696A006B6A73 /* MainViewController.swift */ = {isa = PBXFileReference; fileEncoding = 4; lastKnownFileType = sourcecode.swift; path = MainViewController.swift; sourceTree = "<group>"; };
		FB71C86C1D3883A1006B6A73 /* Course.swift */ = {isa = PBXFileReference; fileEncoding = 4; lastKnownFileType = sourcecode.swift; path = Course.swift; sourceTree = "<group>"; };
		FB8304401D50065A009EE338 /* DetailTableViewCell.swift */ = {isa = PBXFileReference; fileEncoding = 4; lastKnownFileType = sourcecode.swift; path = DetailTableViewCell.swift; sourceTree = "<group>"; };
		FB8304461D513631009EE338 /* UIColor+.swift */ = {isa = PBXFileReference; fileEncoding = 4; lastKnownFileType = sourcecode.swift; path = "UIColor+.swift"; sourceTree = "<group>"; };
		FB9BBEE71D3814650032AA83 /* SchoolPlanerIOS.app */ = {isa = PBXFileReference; explicitFileType = wrapper.application; includeInIndex = 0; path = SchoolPlanerIOS.app; sourceTree = BUILT_PRODUCTS_DIR; };
		FB9BBEEA1D3814650032AA83 /* AppDelegate.swift */ = {isa = PBXFileReference; lastKnownFileType = sourcecode.swift; path = AppDelegate.swift; sourceTree = "<group>"; };
		FB9BBEEF1D3814650032AA83 /* Base */ = {isa = PBXFileReference; lastKnownFileType = file.storyboard; name = Base; path = Base.lproj/Main.storyboard; sourceTree = "<group>"; };
		FB9BBEF11D3814650032AA83 /* Assets.xcassets */ = {isa = PBXFileReference; lastKnownFileType = folder.assetcatalog; path = Assets.xcassets; sourceTree = "<group>"; };
		FB9BBEF41D3814650032AA83 /* Base */ = {isa = PBXFileReference; lastKnownFileType = file.storyboard; name = Base; path = Base.lproj/LaunchScreen.storyboard; sourceTree = "<group>"; };
		FB9BBEF61D3814650032AA83 /* Info.plist */ = {isa = PBXFileReference; lastKnownFileType = text.plist.xml; path = Info.plist; sourceTree = "<group>"; };
		FB9BBEFB1D3814650032AA83 /* SchoolPlanerIOSTests.xctest */ = {isa = PBXFileReference; explicitFileType = wrapper.cfbundle; includeInIndex = 0; path = SchoolPlanerIOSTests.xctest; sourceTree = BUILT_PRODUCTS_DIR; };
		FB9BBEFF1D3814650032AA83 /* SchoolPlanerIOSTests.swift */ = {isa = PBXFileReference; lastKnownFileType = sourcecode.swift; path = SchoolPlanerIOSTests.swift; sourceTree = "<group>"; };
		FB9BBF011D3814650032AA83 /* Info.plist */ = {isa = PBXFileReference; lastKnownFileType = text.plist.xml; path = Info.plist; sourceTree = "<group>"; };
		FB9BBF061D3814650032AA83 /* SchoolPlanerIOSUITests.xctest */ = {isa = PBXFileReference; explicitFileType = wrapper.cfbundle; includeInIndex = 0; path = SchoolPlanerIOSUITests.xctest; sourceTree = BUILT_PRODUCTS_DIR; };
		FB9BBF0A1D3814650032AA83 /* SchoolPlanerIOSUITests.swift */ = {isa = PBXFileReference; lastKnownFileType = sourcecode.swift; path = SchoolPlanerIOSUITests.swift; sourceTree = "<group>"; };
		FB9BBF0C1D3814650032AA83 /* Info.plist */ = {isa = PBXFileReference; lastKnownFileType = text.plist.xml; path = Info.plist; sourceTree = "<group>"; };
		FB9BBF1A1D3815D30032AA83 /* CourseTableViewCell.swift */ = {isa = PBXFileReference; fileEncoding = 4; lastKnownFileType = sourcecode.swift; path = CourseTableViewCell.swift; sourceTree = "<group>"; };
/* End PBXFileReference section */

/* Begin PBXFrameworksBuildPhase section */
		FB9BBEE41D3814650032AA83 /* Frameworks */ = {
			isa = PBXFrameworksBuildPhase;
			buildActionMask = 2147483647;
			files = (
			);
			runOnlyForDeploymentPostprocessing = 0;
		};
		FB9BBEF81D3814650032AA83 /* Frameworks */ = {
			isa = PBXFrameworksBuildPhase;
			buildActionMask = 2147483647;
			files = (
			);
			runOnlyForDeploymentPostprocessing = 0;
		};
		FB9BBF031D3814650032AA83 /* Frameworks */ = {
			isa = PBXFrameworksBuildPhase;
			buildActionMask = 2147483647;
			files = (
			);
			runOnlyForDeploymentPostprocessing = 0;
		};
/* End PBXFrameworksBuildPhase section */

/* Begin PBXGroup section */
		FB8304421D500671009EE338 /* Cells */ = {
			isa = PBXGroup;
			children = (
				FB9BBF1A1D3815D30032AA83 /* CourseTableViewCell.swift */,
				FB8304401D50065A009EE338 /* DetailTableViewCell.swift */,
			);
			name = Cells;
			sourceTree = "<group>";
		};
		FB8304431D50068F009EE338 /* HomeScreen */ = {
			isa = PBXGroup;
			children = (
				FB71C86A1D38696A006B6A73 /* MainViewController.swift */,
			);
			name = HomeScreen;
			sourceTree = "<group>";
		};
		FB8304441D5006A3009EE338 /* Backend */ = {
			isa = PBXGroup;
			children = (
				FB71C86C1D3883A1006B6A73 /* Course.swift */,
				FB39D9731D54FB36001AC5F0 /* Assignment.swift */,
				FB39D9751D54FF37001AC5F0 /* SettingVariables.swift */,
			);
			name = Backend;
			sourceTree = "<group>";
		};
		FB8304451D51361E009EE338 /* Extensions */ = {
			isa = PBXGroup;
			children = (
				FB8304461D513631009EE338 /* UIColor+.swift */,
				FB57E0DE1D52724800FE49F4 /* UIView+.swift */,
			);
			name = Extensions;
			sourceTree = "<group>";
		};
		FB9BBEDE1D3814640032AA83 = {
			isa = PBXGroup;
			children = (
				FB9BBEE91D3814650032AA83 /* SchoolPlanerIOS */,
				FB9BBEFE1D3814650032AA83 /* SchoolPlanerIOSTests */,
				FB9BBF091D3814650032AA83 /* SchoolPlanerIOSUITests */,
				FB9BBEE81D3814650032AA83 /* Products */,
			);
			sourceTree = "<group>";
		};
		FB9BBEE81D3814650032AA83 /* Products */ = {
			isa = PBXGroup;
			children = (
				FB9BBEE71D3814650032AA83 /* SchoolPlanerIOS.app */,
				FB9BBEFB1D3814650032AA83 /* SchoolPlanerIOSTests.xctest */,
				FB9BBF061D3814650032AA83 /* SchoolPlanerIOSUITests.xctest */,
			);
			name = Products;
			sourceTree = "<group>";
		};
		FB9BBEE91D3814650032AA83 /* SchoolPlanerIOS */ = {
			isa = PBXGroup;
			children = (
				FB8304451D51361E009EE338 /* Extensions */,
				FB8304441D5006A3009EE338 /* Backend */,
				FB8304431D50068F009EE338 /* HomeScreen */,
				FB8304421D500671009EE338 /* Cells */,
				FB9BBEEA1D3814650032AA83 /* AppDelegate.swift */,
				FB9BBEEE1D3814650032AA83 /* Main.storyboard */,
				FB9BBEF11D3814650032AA83 /* Assets.xcassets */,
				FB9BBEF31D3814650032AA83 /* LaunchScreen.storyboard */,
				FB9BBEF61D3814650032AA83 /* Info.plist */,
			);
			path = SchoolPlanerIOS;
			sourceTree = "<group>";
		};
		FB9BBEFE1D3814650032AA83 /* SchoolPlanerIOSTests */ = {
			isa = PBXGroup;
			children = (
				FB9BBEFF1D3814650032AA83 /* SchoolPlanerIOSTests.swift */,
				FB9BBF011D3814650032AA83 /* Info.plist */,
			);
			path = SchoolPlanerIOSTests;
			sourceTree = "<group>";
		};
		FB9BBF091D3814650032AA83 /* SchoolPlanerIOSUITests */ = {
			isa = PBXGroup;
			children = (
				FB9BBF0A1D3814650032AA83 /* SchoolPlanerIOSUITests.swift */,
				FB9BBF0C1D3814650032AA83 /* Info.plist */,
			);
			path = SchoolPlanerIOSUITests;
			sourceTree = "<group>";
		};
/* End PBXGroup section */

/* Begin PBXNativeTarget section */
		FB9BBEE61D3814650032AA83 /* SchoolPlanerIOS */ = {
			isa = PBXNativeTarget;
			buildConfigurationList = FB9BBF0F1D3814650032AA83 /* Build configuration list for PBXNativeTarget "SchoolPlanerIOS" */;
			buildPhases = (
				FB9BBEE31D3814650032AA83 /* Sources */,
				FB9BBEE41D3814650032AA83 /* Frameworks */,
				FB9BBEE51D3814650032AA83 /* Resources */,
			);
			buildRules = (
			);
			dependencies = (
			);
			name = SchoolPlanerIOS;
			productName = SchoolPlanerIOS;
			productReference = FB9BBEE71D3814650032AA83 /* SchoolPlanerIOS.app */;
			productType = "com.apple.product-type.application";
		};
		FB9BBEFA1D3814650032AA83 /* SchoolPlanerIOSTests */ = {
			isa = PBXNativeTarget;
			buildConfigurationList = FB9BBF121D3814650032AA83 /* Build configuration list for PBXNativeTarget "SchoolPlanerIOSTests" */;
			buildPhases = (
				FB9BBEF71D3814650032AA83 /* Sources */,
				FB9BBEF81D3814650032AA83 /* Frameworks */,
				FB9BBEF91D3814650032AA83 /* Resources */,
			);
			buildRules = (
			);
			dependencies = (
				FB9BBEFD1D3814650032AA83 /* PBXTargetDependency */,
			);
			name = SchoolPlanerIOSTests;
			productName = SchoolPlanerIOSTests;
			productReference = FB9BBEFB1D3814650032AA83 /* SchoolPlanerIOSTests.xctest */;
			productType = "com.apple.product-type.bundle.unit-test";
		};
		FB9BBF051D3814650032AA83 /* SchoolPlanerIOSUITests */ = {
			isa = PBXNativeTarget;
			buildConfigurationList = FB9BBF151D3814650032AA83 /* Build configuration list for PBXNativeTarget "SchoolPlanerIOSUITests" */;
			buildPhases = (
				FB9BBF021D3814650032AA83 /* Sources */,
				FB9BBF031D3814650032AA83 /* Frameworks */,
				FB9BBF041D3814650032AA83 /* Resources */,
			);
			buildRules = (
			);
			dependencies = (
				FB9BBF081D3814650032AA83 /* PBXTargetDependency */,
			);
			name = SchoolPlanerIOSUITests;
			productName = SchoolPlanerIOSUITests;
			productReference = FB9BBF061D3814650032AA83 /* SchoolPlanerIOSUITests.xctest */;
			productType = "com.apple.product-type.bundle.ui-testing";
		};
/* End PBXNativeTarget section */

/* Begin PBXProject section */
		FB9BBEDF1D3814640032AA83 /* Project object */ = {
			isa = PBXProject;
			attributes = {
				LastSwiftUpdateCheck = 0730;
				LastUpgradeCheck = 0730;
				ORGANIZATIONNAME = "Lee Angioletti";
				TargetAttributes = {
					FB9BBEE61D3814650032AA83 = {
						CreatedOnToolsVersion = 7.3.1;
						DevelopmentTeam = 8476R2BK96;
					};
					FB9BBEFA1D3814650032AA83 = {
						CreatedOnToolsVersion = 7.3.1;
						DevelopmentTeam = B7M7SN6P8B;
						TestTargetID = FB9BBEE61D3814650032AA83;
					};
					FB9BBF051D3814650032AA83 = {
						CreatedOnToolsVersion = 7.3.1;
						DevelopmentTeam = B7M7SN6P8B;
						TestTargetID = FB9BBEE61D3814650032AA83;
					};
				};
			};
			buildConfigurationList = FB9BBEE21D3814640032AA83 /* Build configuration list for PBXProject "SchoolPlanerIOS" */;
			compatibilityVersion = "Xcode 3.2";
			developmentRegion = English;
			hasScannedForEncodings = 0;
			knownRegions = (
				en,
				Base,
			);
			mainGroup = FB9BBEDE1D3814640032AA83;
			productRefGroup = FB9BBEE81D3814650032AA83 /* Products */;
			projectDirPath = "";
			projectRoot = "";
			targets = (
				FB9BBEE61D3814650032AA83 /* SchoolPlanerIOS */,
				FB9BBEFA1D3814650032AA83 /* SchoolPlanerIOSTests */,
				FB9BBF051D3814650032AA83 /* SchoolPlanerIOSUITests */,
			);
		};
/* End PBXProject section */

/* Begin PBXResourcesBuildPhase section */
		FB9BBEE51D3814650032AA83 /* Resources */ = {
			isa = PBXResourcesBuildPhase;
			buildActionMask = 2147483647;
			files = (
				FB9BBEF51D3814650032AA83 /* LaunchScreen.storyboard in Resources */,
				FB9BBEF21D3814650032AA83 /* Assets.xcassets in Resources */,
				FB9BBEF01D3814650032AA83 /* Main.storyboard in Resources */,
			);
			runOnlyForDeploymentPostprocessing = 0;
		};
		FB9BBEF91D3814650032AA83 /* Resources */ = {
			isa = PBXResourcesBuildPhase;
			buildActionMask = 2147483647;
			files = (
			);
			runOnlyForDeploymentPostprocessing = 0;
		};
		FB9BBF041D3814650032AA83 /* Resources */ = {
			isa = PBXResourcesBuildPhase;
			buildActionMask = 2147483647;
			files = (
			);
			runOnlyForDeploymentPostprocessing = 0;
		};
/* End PBXResourcesBuildPhase section */

/* Begin PBXSourcesBuildPhase section */
		FB9BBEE31D3814650032AA83 /* Sources */ = {
			isa = PBXSourcesBuildPhase;
			buildActionMask = 2147483647;
			files = (
				FB9BBEEB1D3814650032AA83 /* AppDelegate.swift in Sources */,
				FB71C86D1D3883A1006B6A73 /* Course.swift in Sources */,
				FB57E0DF1D52724800FE49F4 /* UIView+.swift in Sources */,
				FB9BBF1B1D3815D30032AA83 /* CourseTableViewCell.swift in Sources */,
				FB8304411D50065A009EE338 /* DetailTableViewCell.swift in Sources */,
				FB39D9761D54FF37001AC5F0 /* SettingVariables.swift in Sources */,
				FB39D9741D54FB36001AC5F0 /* Assignment.swift in Sources */,
				FB71C86B1D38696A006B6A73 /* MainViewController.swift in Sources */,
				FB8304471D513631009EE338 /* UIColor+.swift in Sources */,
			);
			runOnlyForDeploymentPostprocessing = 0;
		};
		FB9BBEF71D3814650032AA83 /* Sources */ = {
			isa = PBXSourcesBuildPhase;
			buildActionMask = 2147483647;
			files = (
				FB9BBF001D3814650032AA83 /* SchoolPlanerIOSTests.swift in Sources */,
			);
			runOnlyForDeploymentPostprocessing = 0;
		};
		FB9BBF021D3814650032AA83 /* Sources */ = {
			isa = PBXSourcesBuildPhase;
			buildActionMask = 2147483647;
			files = (
				FB9BBF0B1D3814650032AA83 /* SchoolPlanerIOSUITests.swift in Sources */,
			);
			runOnlyForDeploymentPostprocessing = 0;
		};
/* End PBXSourcesBuildPhase section */

/* Begin PBXTargetDependency section */
		FB9BBEFD1D3814650032AA83 /* PBXTargetDependency */ = {
			isa = PBXTargetDependency;
			target = FB9BBEE61D3814650032AA83 /* SchoolPlanerIOS */;
			targetProxy = FB9BBEFC1D3814650032AA83 /* PBXContainerItemProxy */;
		};
		FB9BBF081D3814650032AA83 /* PBXTargetDependency */ = {
			isa = PBXTargetDependency;
			target = FB9BBEE61D3814650032AA83 /* SchoolPlanerIOS */;
			targetProxy = FB9BBF071D3814650032AA83 /* PBXContainerItemProxy */;
		};
/* End PBXTargetDependency section */

/* Begin PBXVariantGroup section */
		FB9BBEEE1D3814650032AA83 /* Main.storyboard */ = {
			isa = PBXVariantGroup;
			children = (
				FB9BBEEF1D3814650032AA83 /* Base */,
			);
			name = Main.storyboard;
			sourceTree = "<group>";
		};
		FB9BBEF31D3814650032AA83 /* LaunchScreen.storyboard */ = {
			isa = PBXVariantGroup;
			children = (
				FB9BBEF41D3814650032AA83 /* Base */,
			);
			name = LaunchScreen.storyboard;
			sourceTree = "<group>";
		};
/* End PBXVariantGroup section */

/* Begin XCBuildConfiguration section */
		FB9BBF0D1D3814650032AA83 /* Debug */ = {
			isa = XCBuildConfiguration;
			buildSettings = {
				ALWAYS_SEARCH_USER_PATHS = NO;
				CLANG_ANALYZER_NONNULL = YES;
				CLANG_CXX_LANGUAGE_STANDARD = "gnu++0x";
				CLANG_CXX_LIBRARY = "libc++";
				CLANG_ENABLE_MODULES = YES;
				CLANG_ENABLE_OBJC_ARC = YES;
				CLANG_WARN_BOOL_CONVERSION = YES;
				CLANG_WARN_CONSTANT_CONVERSION = YES;
				CLANG_WARN_DIRECT_OBJC_ISA_USAGE = YES_ERROR;
				CLANG_WARN_EMPTY_BODY = YES;
				CLANG_WARN_ENUM_CONVERSION = YES;
				CLANG_WARN_INT_CONVERSION = YES;
				CLANG_WARN_OBJC_ROOT_CLASS = YES_ERROR;
				CLANG_WARN_UNREACHABLE_CODE = YES;
				CLANG_WARN__DUPLICATE_METHOD_MATCH = YES;
				"CODE_SIGN_IDENTITY[sdk=iphoneos*]" = "iPhone Developer";
				COPY_PHASE_STRIP = NO;
				DEBUG_INFORMATION_FORMAT = dwarf;
				ENABLE_STRICT_OBJC_MSGSEND = YES;
				ENABLE_TESTABILITY = YES;
				GCC_C_LANGUAGE_STANDARD = gnu99;
				GCC_DYNAMIC_NO_PIC = NO;
				GCC_NO_COMMON_BLOCKS = YES;
				GCC_OPTIMIZATION_LEVEL = 0;
				GCC_PREPROCESSOR_DEFINITIONS = (
					"DEBUG=1",
					"$(inherited)",
				);
				GCC_WARN_64_TO_32_BIT_CONVERSION = YES;
				GCC_WARN_ABOUT_RETURN_TYPE = YES_ERROR;
				GCC_WARN_UNDECLARED_SELECTOR = YES;
				GCC_WARN_UNINITIALIZED_AUTOS = YES_AGGRESSIVE;
				GCC_WARN_UNUSED_FUNCTION = YES;
				GCC_WARN_UNUSED_VARIABLE = YES;
				IPHONEOS_DEPLOYMENT_TARGET = 9.3;
				MTL_ENABLE_DEBUG_INFO = YES;
				ONLY_ACTIVE_ARCH = YES;
				SDKROOT = iphoneos;
				SWIFT_OPTIMIZATION_LEVEL = "-Onone";
				TARGETED_DEVICE_FAMILY = "1,2";
			};
			name = Debug;
		};
		FB9BBF0E1D3814650032AA83 /* Release */ = {
			isa = XCBuildConfiguration;
			buildSettings = {
				ALWAYS_SEARCH_USER_PATHS = NO;
				CLANG_ANALYZER_NONNULL = YES;
				CLANG_CXX_LANGUAGE_STANDARD = "gnu++0x";
				CLANG_CXX_LIBRARY = "libc++";
				CLANG_ENABLE_MODULES = YES;
				CLANG_ENABLE_OBJC_ARC = YES;
				CLANG_WARN_BOOL_CONVERSION = YES;
				CLANG_WARN_CONSTANT_CONVERSION = YES;
				CLANG_WARN_DIRECT_OBJC_ISA_USAGE = YES_ERROR;
				CLANG_WARN_EMPTY_BODY = YES;
				CLANG_WARN_ENUM_CONVERSION = YES;
				CLANG_WARN_INT_CONVERSION = YES;
				CLANG_WARN_OBJC_ROOT_CLASS = YES_ERROR;
				CLANG_WARN_UNREACHABLE_CODE = YES;
				CLANG_WARN__DUPLICATE_METHOD_MATCH = YES;
				"CODE_SIGN_IDENTITY[sdk=iphoneos*]" = "iPhone Developer";
				COPY_PHASE_STRIP = NO;
				DEBUG_INFORMATION_FORMAT = "dwarf-with-dsym";
				ENABLE_NS_ASSERTIONS = NO;
				ENABLE_STRICT_OBJC_MSGSEND = YES;
				GCC_C_LANGUAGE_STANDARD = gnu99;
				GCC_NO_COMMON_BLOCKS = YES;
				GCC_WARN_64_TO_32_BIT_CONVERSION = YES;
				GCC_WARN_ABOUT_RETURN_TYPE = YES_ERROR;
				GCC_WARN_UNDECLARED_SELECTOR = YES;
				GCC_WARN_UNINITIALIZED_AUTOS = YES_AGGRESSIVE;
				GCC_WARN_UNUSED_FUNCTION = YES;
				GCC_WARN_UNUSED_VARIABLE = YES;
				IPHONEOS_DEPLOYMENT_TARGET = 9.3;
				MTL_ENABLE_DEBUG_INFO = NO;
				SDKROOT = iphoneos;
				TARGETED_DEVICE_FAMILY = "1,2";
				VALIDATE_PRODUCT = YES;
			};
			name = Release;
		};
		FB9BBF101D3814650032AA83 /* Debug */ = {
			isa = XCBuildConfiguration;
			buildSettings = {
				ASSETCATALOG_COMPILER_APPICON_NAME = AppIcon;
				CODE_SIGN_IDENTITY = "iPhone Developer";
				INFOPLIST_FILE = SchoolPlanerIOS/Info.plist;
				LD_RUNPATH_SEARCH_PATHS = "$(inherited) @executable_path/Frameworks";
				PRODUCT_BUNDLE_IDENTIFIER = Langio.SchoolPlanerIOS;
				PRODUCT_NAME = "$(TARGET_NAME)";
			};
			name = Debug;
		};
		FB9BBF111D3814650032AA83 /* Release */ = {
			isa = XCBuildConfiguration;
			buildSettings = {
				ASSETCATALOG_COMPILER_APPICON_NAME = AppIcon;
				CODE_SIGN_IDENTITY = "iPhone Developer";
				INFOPLIST_FILE = SchoolPlanerIOS/Info.plist;
				LD_RUNPATH_SEARCH_PATHS = "$(inherited) @executable_path/Frameworks";
				PRODUCT_BUNDLE_IDENTIFIER = Langio.SchoolPlanerIOS;
				PRODUCT_NAME = "$(TARGET_NAME)";
			};
			name = Release;
		};
		FB9BBF131D3814650032AA83 /* Debug */ = {
			isa = XCBuildConfiguration;
			buildSettings = {
				BUNDLE_LOADER = "$(TEST_HOST)";
				INFOPLIST_FILE = SchoolPlanerIOSTests/Info.plist;
				LD_RUNPATH_SEARCH_PATHS = "$(inherited) @executable_path/Frameworks @loader_path/Frameworks";
				PRODUCT_BUNDLE_IDENTIFIER = Langio.SchoolPlanerIOSTests;
				PRODUCT_NAME = "$(TARGET_NAME)";
				TEST_HOST = "$(BUILT_PRODUCTS_DIR)/SchoolPlanerIOS.app/SchoolPlanerIOS";
			};
			name = Debug;
		};
		FB9BBF141D3814650032AA83 /* Release */ = {
			isa = XCBuildConfiguration;
			buildSettings = {
				BUNDLE_LOADER = "$(TEST_HOST)";
				INFOPLIST_FILE = SchoolPlanerIOSTests/Info.plist;
				LD_RUNPATH_SEARCH_PATHS = "$(inherited) @executable_path/Frameworks @loader_path/Frameworks";
				PRODUCT_BUNDLE_IDENTIFIER = Langio.SchoolPlanerIOSTests;
				PRODUCT_NAME = "$(TARGET_NAME)";
				TEST_HOST = "$(BUILT_PRODUCTS_DIR)/SchoolPlanerIOS.app/SchoolPlanerIOS";
			};
			name = Release;
		};
		FB9BBF161D3814650032AA83 /* Debug */ = {
			isa = XCBuildConfiguration;
			buildSettings = {
				INFOPLIST_FILE = SchoolPlanerIOSUITests/Info.plist;
				LD_RUNPATH_SEARCH_PATHS = "$(inherited) @executable_path/Frameworks @loader_path/Frameworks";
				PRODUCT_BUNDLE_IDENTIFIER = Langio.SchoolPlanerIOSUITests;
				PRODUCT_NAME = "$(TARGET_NAME)";
				TEST_TARGET_NAME = SchoolPlanerIOS;
			};
			name = Debug;
		};
		FB9BBF171D3814650032AA83 /* Release */ = {
			isa = XCBuildConfiguration;
			buildSettings = {
				INFOPLIST_FILE = SchoolPlanerIOSUITests/Info.plist;
				LD_RUNPATH_SEARCH_PATHS = "$(inherited) @executable_path/Frameworks @loader_path/Frameworks";
				PRODUCT_BUNDLE_IDENTIFIER = Langio.SchoolPlanerIOSUITests;
				PRODUCT_NAME = "$(TARGET_NAME)";
				TEST_TARGET_NAME = SchoolPlanerIOS;
			};
			name = Release;
		};
/* End XCBuildConfiguration section */

/* Begin XCConfigurationList section */
		FB9BBEE21D3814640032AA83 /* Build configuration list for PBXProject "SchoolPlanerIOS" */ = {
			isa = XCConfigurationList;
			buildConfigurations = (
				FB9BBF0D1D3814650032AA83 /* Debug */,
				FB9BBF0E1D3814650032AA83 /* Release */,
			);
			defaultConfigurationIsVisible = 0;
			defaultConfigurationName = Release;
		};
		FB9BBF0F1D3814650032AA83 /* Build configuration list for PBXNativeTarget "SchoolPlanerIOS" */ = {
			isa = XCConfigurationList;
			buildConfigurations = (
				FB9BBF101D3814650032AA83 /* Debug */,
				FB9BBF111D3814650032AA83 /* Release */,
			);
			defaultConfigurationIsVisible = 0;
			defaultConfigurationName = Release;
		};
		FB9BBF121D3814650032AA83 /* Build configuration list for PBXNativeTarget "SchoolPlanerIOSTests" */ = {
			isa = XCConfigurationList;
			buildConfigurations = (
				FB9BBF131D3814650032AA83 /* Debug */,
				FB9BBF141D3814650032AA83 /* Release */,
			);
			defaultConfigurationIsVisible = 0;
			defaultConfigurationName = Release;
		};
		FB9BBF151D3814650032AA83 /* Build configuration list for PBXNativeTarget "SchoolPlanerIOSUITests" */ = {
			isa = XCConfigurationList;
			buildConfigurations = (
				FB9BBF161D3814650032AA83 /* Debug */,
				FB9BBF171D3814650032AA83 /* Release */,
			);
			defaultConfigurationIsVisible = 0;
			defaultConfigurationName = Release;
		};
/* End XCConfigurationList section */
	};
	rootObject = FB9BBEDF1D3814640032AA83 /* Project object */;
}
